
Microsoft Visual Studio Solution File, Format Version 12.00
# Visual Studio Version 16
VisualStudioVersion = 16.0.30621.155
MinimumVisualStudioVersion = 10.0.40219.1
Project("{FAE04EC0-301F-11D3-BF4B-00C04F79EFBC}") = "CryptiS", "CryptiS\CryptiS.csproj", "{A83CF450-D975-4998-950D-AD411205B938}"
EndProject
Global
	GlobalSection(SolutionConfigurationPlatforms) = preSolution
		Debug|Any CPU = Debug|Any CPU
		Release|Any CPU = Release|Any CPU
	EndGlobalSection
	GlobalSection(ProjectConfigurationPlatforms) = postSolution
		{A83CF450-D975-4998-950D-AD411205B938}.Debug|Any CPU.ActiveCfg = Debug|Any CPU
		{A83CF450-D975-4998-950D-AD411205B938}.Debug|Any CPU.Build.0 = Debug|Any CPU
		{A83CF450-D975-4998-950D-AD411205B938}.Release|Any CPU.ActiveCfg = Release|Any CPU
		{A83CF450-D975-4998-950D-AD411205B938}.Release|Any CPU.Build.0 = Release|Any CPU
	EndGlobalSection
	GlobalSection(SolutionProperties) = preSolution
		HideSolutionNode = FALSE
	EndGlobalSection
	GlobalSection(ExtensibilityGlobals) = postSolution
		SolutionGuid = {E309FA8B-7E8E-4781-9369-F6F69E5EEAB5}
	EndGlobalSection
EndGlobal
